ezplayer-folder-lock
ezplayer-folder-lock
ezplayer-folder-lock
ezplayer-folder-lock
ezplayer-folder-lock
ezplayer-folder-lock
ezplayer-folder-lock
ezplayer-folder-lock
ezplayer-folder-lock
ezplayer-folder-lock
ezplayer-folder-lock
ezplayer-folder-lock
ezplayer-folder-lock
ezplayer-folder-lock
ezplayer-folder-lock
ezplayer-folder-lock
ezplayer-folder-lock
ezplayer-folder-lock
ezplayer-folder-lock
ezplayer-folder-lock
ezplayer-folder-lock
ezplayer-folder-lock
ezplayer-folder-lock
ezplayer-folder-lock
ezplayer-folder-lock
ezplayer-folder-lock
ezplayer-folder-lock
ezplayer-folder-lock
ezplayer-folder-lock
ezplayer-folder-lock
