lockfileVersion: '9.0'

settings:
  autoInstallPeers: true
  excludeLinksFromLockfile: false

importers:

  .:
    dependencies:
      '@xmldom/xmldom':
        specifier: ^0.8.10
        version: 0.8.15
      commander:
        specifier: ^11.1.0
        version: 11.1.0
      xllayoutcalcs:
        specifier: file:libs/xllayoutcalcs-0.3.3.tgz
        version: file:libs/xllayoutcalcs-0.3.3.tgz
      zstddec:
        specifier: ^0.1.0
        version: 0.1.0
    devDependencies:
      '@types/node':
        specifier: ^22.10.0
        version: 22.20.1
      typescript:
        specifier: ^5.9.3
        version: 5.9.3

packages:

  '@types/node@22.20.1':
    resolution: {integrity: sha512-EANqOCF9QFyra+4pfxUcX9STKJpCLjMbObVzljIJomAWSnuSIEAvyzEU53GaajbXJEgdh0iEcPL+DGvpUd4k1Q==}

  '@xmldom/xmldom@0.8.15':
    resolution: {integrity: sha512-/5NV/vDALVFDXgLmfsy9TRCBlKwO2LNBFzpzvb9iIj+jR+eSc6DLYYvVOdivT/jm7MtU6TebYuRmzEOI7w40UA==}
    engines: {node: '>=10.0.0'}

  commander@11.1.0:
    resolution: {integrity: sha512-yPVavfyCcRhmorC7rWlkHn15b4wDVgVmBA7kV4QVBsF7kv/9TKJAbAXVTxvTnwP8HHKjRCJDClKbciiYS7p0DQ==}
    engines: {node: '>=16'}

  gl-matrix@3.4.4:
    resolution: {integrity: sha512-latSnyDNt/8zYUB6VIJ6PCh2jBjJX6gnDsoCZ7LyW7GkqrD51EWwa9qCoGixj8YqBtETQK/xY7OmpTF8xz1DdQ==}

  typescript@5.9.3:
    resolution: {integrity: sha512-jl1vZzPDinLr9eUt3J/t7V6FgNEw9QjvBPdysz9KfQDD41fQrC2Y4vKQdiaUpFT4bXlb1RHhLpp8wtm6M5TgSw==}
    engines: {node: '>=14.17'}
    hasBin: true

  undici-types@6.21.0:
    resolution: {integrity: sha512-iwDZqg0QAGrg9Rav5H4n0M64c3mkR59cJ6wQp+7C4nI0gsmExaedaYLNO44eT4AtBBwjbTiGPMlt2Md0T9H9JQ==}

  xllayoutcalcs@file:libs/xllayoutcalcs-0.3.3.tgz:
    resolution: {integrity: sha512-z1UrV6eU6bR9SgNqWV4qTt+UAQ5VbG9j2PAaP8PLKi52YqhilkqDa4MlOaxLzaNF5h4TR5EdSkX4DS0Dz7LFUA==, tarball: file:libs/xllayoutcalcs-0.3.3.tgz}
    version: 0.3.3

  zstddec@0.1.0:
    resolution: {integrity: sha512-w2NTI8+3l3eeltKAdK8QpiLo/flRAr2p8AGeakfMZOXBxOg9HIu4LVDxBi81sYgVhFhdJjv1OrB5ssI8uFPoLg==}

snapshots:

  '@types/node@22.20.1':
    dependencies:
      undici-types: 6.21.0

  '@xmldom/xmldom@0.8.15': {}

  commander@11.1.0: {}

  gl-matrix@3.4.4: {}

  typescript@5.9.3: {}

  undici-types@6.21.0: {}

  xllayoutcalcs@file:libs/xllayoutcalcs-0.3.3.tgz:
    dependencies:
      gl-matrix: 3.4.4

  zstddec@0.1.0: {}
